// !$*UTF8*$!
{
	archiveVersion = 1;
	classes = {
	};
	objectVersion = 50;
	objects = {

/* Begin PBXBuildFile section */
		6B2713A1215A593500CBB58E /* AdaptiveHeightConfiguration.swift in Sources */ = {isa = PBXBuildFile; fileRef = 6B2713A0215A593500CBB58E /* AdaptiveHeightConfiguration.swift */; };
		6B2713A3215A71A900CBB58E /* Row.swift in Sources */ = {isa = PBXBuildFile; fileRef = 6B2713A2215A71A900CBB58E /* Row.swift */; };
		6B2713A5215A71B700CBB58E /* RowContainer.swift in Sources */ = {isa = PBXBuildFile; fileRef = 6B2713A4215A71B700CBB58E /* RowContainer.swift */; };
		6B2713A7215A72CF00CBB58E /* AdaptiveWidthConfiguration.swift in Sources */ = {isa = PBXBuildFile; fileRef = 6B2713A6215A72CF00CBB58E /* AdaptiveWidthConfiguration.swift */; };
		6B2713A9215A766E00CBB58E /* AdaptiveItemSizeLayoutDelegate.swift in Sources */ = {isa = PBXBuildFile; fileRef = 6B2713A8215A766E00CBB58E /* AdaptiveItemSizeLayoutDelegate.swift */; };
		6B2713B4215A855C00CBB58E /* CGSize+.swift in Sources */ = {isa = PBXBuildFile; fileRef = 6B2713B3215A855C00CBB58E /* CGSize+.swift */; };
		6B2904A0217B019200FB7500 /* Configuration.swift in Sources */ = {isa = PBXBuildFile; fileRef = 6B29049F217B019200FB7500 /* Configuration.swift */; };
		6B30C4F82198004800A87018 /* ContentsPageViewController.swift in Sources */ = {isa = PBXBuildFile; fileRef = 6B30C4F72198004800A87018 /* ContentsPageViewController.swift */; };
		6B33DF4F21576B67006143A4 /* ProgressBar.xib in Resources */ = {isa = PBXBuildFile; fileRef = 6B33DF4E21576B67006143A4 /* ProgressBar.xib */; };
		6B33DF5121576B77006143A4 /* ProgressBar.swift in Sources */ = {isa = PBXBuildFile; fileRef = 6B33DF5021576B77006143A4 /* ProgressBar.swift */; };
		6B33DF6A21587A8B006143A4 /* OutlineLabel.swift in Sources */ = {isa = PBXBuildFile; fileRef = 6B33DF6921587A8B006143A4 /* OutlineLabel.swift */; };
		6B33DF792158BDBA006143A4 /* Column.swift in Sources */ = {isa = PBXBuildFile; fileRef = 6B33DF732158BDB9006143A4 /* Column.swift */; };
		6B33DF7A2158BDBA006143A4 /* ColumnContainer.swift in Sources */ = {isa = PBXBuildFile; fileRef = 6B33DF742158BDBA006143A4 /* ColumnContainer.swift */; };
		6B33DF862158C08B006143A4 /* ColumnCountDynamicAsignable.swift in Sources */ = {isa = PBXBuildFile; fileRef = 6B33DF852158C08B006143A4 /* ColumnCountDynamicAsignable.swift */; };
		6B3B80E721BB89C40012EA63 /* UIImageView+.swift in Sources */ = {isa = PBXBuildFile; fileRef = 6B3B80E621BB89C40012EA63 /* UIImageView+.swift */; };
		6B3B80E921BB8BF50012EA63 /* UICollectionView+.swift in Sources */ = {isa = PBXBuildFile; fileRef = 6B3B80E821BB8BF50012EA63 /* UICollectionView+.swift */; };
		6B3D506D216640D800D1BD85 /* UITableView+.swift in Sources */ = {isa = PBXBuildFile; fileRef = 6B3D506C216640D800D1BD85 /* UITableView+.swift */; };
		6B8DEE31217C4A1F00D2D01F /* MenuActionIconCollectionViewCell.swift in Sources */ = {isa = PBXBuildFile; fileRef = 6B8DEE2F217C4A1F00D2D01F /* MenuActionIconCollectionViewCell.swift */; };
		6B8DEE32217C4A1F00D2D01F /* MenuActionIconCollectionViewCell.xib in Resources */ = {isa = PBXBuildFile; fileRef = 6B8DEE30217C4A1F00D2D01F /* MenuActionIconCollectionViewCell.xib */; };
		6B8DEE34217C4A6B00D2D01F /* Images.xcassets in Resources */ = {isa = PBXBuildFile; fileRef = 6B8DEE33217C4A6B00D2D01F /* Images.xcassets */; };
		6B8DEE36217C535700D2D01F /* Bundle+.swift in Sources */ = {isa = PBXBuildFile; fileRef = 6B8DEE35217C535700D2D01F /* Bundle+.swift */; };
		6B8DEE39217C64A600D2D01F /* MenuSettingViewController.swift in Sources */ = {isa = PBXBuildFile; fileRef = 6B8DEE37217C64A600D2D01F /* MenuSettingViewController.swift */; };
		6B8DEE3A217C64A600D2D01F /* MenuSettingViewController.xib in Resources */ = {isa = PBXBuildFile; fileRef = 6B8DEE38217C64A600D2D01F /* MenuSettingViewController.xib */; };
		6B8DEE3D217C67C000D2D01F /* MenuSettingTableViewCell.swift in Sources */ = {isa = PBXBuildFile; fileRef = 6B8DEE3B217C67C000D2D01F /* MenuSettingTableViewCell.swift */; };
		6B8DEE3E217C67C000D2D01F /* MenuSettingTableViewCell.xib in Resources */ = {isa = PBXBuildFile; fileRef = 6B8DEE3C217C67C000D2D01F /* MenuSettingTableViewCell.xib */; };
		6B8E2CC82196C69600CAC6FB /* PageCache.swift in Sources */ = {isa = PBXBuildFile; fileRef = 6B8E2CC72196C69600CAC6FB /* PageCache.swift */; };
		6B9863A32173982A00D5004C /* PagingChangeSubject.swift in Sources */ = {isa = PBXBuildFile; fileRef = 6B9863A22173982A00D5004C /* PagingChangeSubject.swift */; };
		6B9863A52173A03900D5004C /* CustomUrlScheme.swift in Sources */ = {isa = PBXBuildFile; fileRef = 6B9863A42173A03900D5004C /* CustomUrlScheme.swift */; };
		6B9863A72173A0B000D5004C /* LineMessenger.swift in Sources */ = {isa = PBXBuildFile; fileRef = 6B9863A62173A0B000D5004C /* LineMessenger.swift */; };
		6B9863AA2173A1B100D5004C /* ZoomTransitionAnimator.swift in Sources */ = {isa = PBXBuildFile; fileRef = 6B9863A92173A1B100D5004C /* ZoomTransitionAnimator.swift */; };
		6B9863AC2173A1D100D5004C /* ZoomTransitionAnimateProtocol.swift in Sources */ = {isa = PBXBuildFile; fileRef = 6B9863AB2173A1D100D5004C /* ZoomTransitionAnimateProtocol.swift */; };
		6B9863AF2174D8FB00D5004C /* TabMenuViewController.swift in Sources */ = {isa = PBXBuildFile; fileRef = 6B9863AE2174D8FB00D5004C /* TabMenuViewController.swift */; };
		6B9863B1217A0ADD00D5004C /* Menu.swift in Sources */ = {isa = PBXBuildFile; fileRef = 6B9863B0217A0ADD00D5004C /* Menu.swift */; };
		6B9863B3217A0B1700D5004C /* MenuViewController.swift in Sources */ = {isa = PBXBuildFile; fileRef = 6B9863B2217A0B1700D5004C /* MenuViewController.swift */; };
		6B9863B5217A0B7400D5004C /* PageViewController.swift in Sources */ = {isa = PBXBuildFile; fileRef = 6B9863B4217A0B7400D5004C /* PageViewController.swift */; };
		6B9BB94221666C040031B96F /* UIViewController+.swift in Sources */ = {isa = PBXBuildFile; fileRef = 6B9BB94121666C040031B96F /* UIViewController+.swift */; };
		6BB8928921732ADF003430DC /* PageSynchronizedContainerViewController.swift in Sources */ = {isa = PBXBuildFile; fileRef = 6BB8928721732ADF003430DC /* PageSynchronizedContainerViewController.swift */; };
		6BB8928D2173370F003430DC /* PagingChangeSubscriber.swift in Sources */ = {isa = PBXBuildFile; fileRef = 6BB8928C2173370F003430DC /* PagingChangeSubscriber.swift */; };
		6BB8928F21733728003430DC /* PagingChangeObserver.swift in Sources */ = {isa = PBXBuildFile; fileRef = 6BB8928E21733728003430DC /* PagingChangeObserver.swift */; };
		6BB892912173373C003430DC /* PagingSynchronizer.swift in Sources */ = {isa = PBXBuildFile; fileRef = 6BB892902173373C003430DC /* PagingSynchronizer.swift */; };
		6BB8929521733818003430DC /* InfiniteLoopPageViewController.swift in Sources */ = {isa = PBXBuildFile; fileRef = 6BB8929321733818003430DC /* InfiniteLoopPageViewController.swift */; };
		6BB8929621733818003430DC /* InfiniteLoopPageViewController.xib in Resources */ = {isa = PBXBuildFile; fileRef = 6BB8929421733818003430DC /* InfiniteLoopPageViewController.xib */; };
		6BB892A2217357FF003430DC /* SynchronizablePageViewController.swift in Sources */ = {isa = PBXBuildFile; fileRef = 6BB892A1217357FF003430DC /* SynchronizablePageViewController.swift */; };
		6BB892A421735825003430DC /* Pageable.swift in Sources */ = {isa = PBXBuildFile; fileRef = 6BB892A321735825003430DC /* Pageable.swift */; };
		6BB892B5217377CD003430DC /* SynchronizableCollectionViewController.swift in Sources */ = {isa = PBXBuildFile; fileRef = 6BB892B4217377CD003430DC /* SynchronizableCollectionViewController.swift */; };
		6BCCA1082198508E0011EBD8 /* Page.swift in Sources */ = {isa = PBXBuildFile; fileRef = 6BCCA1072198508E0011EBD8 /* Page.swift */; };
		6BCD0FF42168815D00134159 /* ChatLayout.swift in Sources */ = {isa = PBXBuildFile; fileRef = 6BCD0FF32168815D00134159 /* ChatLayout.swift */; };
		6BCD0FF6216CDFE700134159 /* Header.swift in Sources */ = {isa = PBXBuildFile; fileRef = 6BCD0FF5216CDFE700134159 /* Header.swift */; };
		6BDAE50B215264D700BBB47A /* UICatalog.h in Headers */ = {isa = PBXBuildFile; fileRef = 6BDAE509215264D700BBB47A /* UICatalog.h */; settings = {ATTRIBUTES = (Public, ); }; };
		6BDAE51A215265BB00BBB47A /* RangeSlider.h in Headers */ = {isa = PBXBuildFile; fileRef = 6BDAE519215265BB00BBB47A /* RangeSlider.h */; };
		6BDAE51F215265DA00BBB47A /* RangeSliderViewInitializable.swift in Sources */ = {isa = PBXBuildFile; fileRef = 6BDAE51E215265DA00BBB47A /* RangeSliderViewInitializable.swift */; };
		6BDAE525215265E200BBB47A /* RangeSlider.swift in Sources */ = {isa = PBXBuildFile; fileRef = 6BDAE520215265E100BBB47A /* RangeSlider.swift */; };
		6BDAE526215265E200BBB47A /* RangeSlider.xib in Resources */ = {isa = PBXBuildFile; fileRef = 6BDAE521215265E100BBB47A /* RangeSlider.xib */; };
		6BDAE527215265E200BBB47A /* RangeSliderTab.xib in Resources */ = {isa = PBXBuildFile; fileRef = 6BDAE522215265E200BBB47A /* RangeSliderTab.xib */; };
		6BDAE528215265E200BBB47A /* CustomEdgeInsetsLabel.swift in Sources */ = {isa = PBXBuildFile; fileRef = 6BDAE523215265E200BBB47A /* CustomEdgeInsetsLabel.swift */; };
		6BDAE529215265E200BBB47A /* RangeSliderTab.swift in Sources */ = {isa = PBXBuildFile; fileRef = 6BDAE524215265E200BBB47A /* RangeSliderTab.swift */; };
		6BDAE52D215265EC00BBB47A /* RangeSliderConfiguration.swift in Sources */ = {isa = PBXBuildFile; fileRef = 6BDAE52A215265EB00BBB47A /* RangeSliderConfiguration.swift */; };
		6BDAE52E215265EC00BBB47A /* PickingState.swift in Sources */ = {isa = PBXBuildFile; fileRef = 6BDAE52B215265EC00BBB47A /* PickingState.swift */; };
		6BDAE52F215265EC00BBB47A /* SliderValue.swift in Sources */ = {isa = PBXBuildFile; fileRef = 6BDAE52C215265EC00BBB47A /* SliderValue.swift */; };
		6BDAE54121526B2500BBB47A /* CellWidthCalculatable.swift in Sources */ = {isa = PBXBuildFile; fileRef = 6BDAE53921526B2500BBB47A /* CellWidthCalculatable.swift */; };
		6BDAE54221526B2500BBB47A /* ViewControllerInstantiatable.swift in Sources */ = {isa = PBXBuildFile; fileRef = 6BDAE53A21526B2500BBB47A /* ViewControllerInstantiatable.swift */; };
		6BDAE54321526B2500BBB47A /* CellHeightCalculatable.swift in Sources */ = {isa = PBXBuildFile; fileRef = 6BDAE53B21526B2500BBB47A /* CellHeightCalculatable.swift */; };
		6BDAE54421526B2500BBB47A /* XibInitializable.swift in Sources */ = {isa = PBXBuildFile; fileRef = 6BDAE53C21526B2500BBB47A /* XibInitializable.swift */; };
		6BDAE54621526B2500BBB47A /* ReusableViewRegisterable.swift in Sources */ = {isa = PBXBuildFile; fileRef = 6BDAE53E21526B2500BBB47A /* ReusableViewRegisterable.swift */; };
		6BDAE54721526B2500BBB47A /* NibInstantiatable.swift in Sources */ = {isa = PBXBuildFile; fileRef = 6BDAE53F21526B2500BBB47A /* NibInstantiatable.swift */; };
		6BDAE54821526B2500BBB47A /* CellRegisterable.swift in Sources */ = {isa = PBXBuildFile; fileRef = 6BDAE54021526B2500BBB47A /* CellRegisterable.swift */; };
		6BDAE54D21526B3B00BBB47A /* Color+.swift in Sources */ = {isa = PBXBuildFile; fileRef = 6BDAE54A21526B3B00BBB47A /* Color+.swift */; };
		6BDAE54E21526B3B00BBB47A /* Notification+.swift in Sources */ = {isa = PBXBuildFile; fileRef = 6BDAE54B21526B3B00BBB47A /* Notification+.swift */; };
		6BDAE54F21526B3B00BBB47A /* UIView+.swift in Sources */ = {isa = PBXBuildFile; fileRef = 6BDAE54C21526B3B00BBB47A /* UIView+.swift */; };
		6BDAE55221526B5100BBB47A /* TapticEngine.swift in Sources */ = {isa = PBXBuildFile; fileRef = 6BDAE55121526B5100BBB47A /* TapticEngine.swift */; };
		6BEFD45221BB967A001E12BF /* ImageDetailCollectionViewCell.swift in Sources */ = {isa = PBXBuildFile; fileRef = 6BEFD45021BB967A001E12BF /* ImageDetailCollectionViewCell.swift */; };
		6BEFD45321BB967A001E12BF /* ImageDetailCollectionViewCell.xib in Resources */ = {isa = PBXBuildFile; fileRef = 6BEFD45121BB967A001E12BF /* ImageDetailCollectionViewCell.xib */; };
		8008E6BB2192A8F20083D920 /* SemiModalViewPosition.swift in Sources */ = {isa = PBXBuildFile; fileRef = 8008E6BA2192A8F20083D920 /* SemiModalViewPosition.swift */; };
		8008E6BD2192A8FE0083D920 /* SemiModalViewConfiguration.swift in Sources */ = {isa = PBXBuildFile; fileRef = 8008E6BC2192A8FE0083D920 /* SemiModalViewConfiguration.swift */; };
		800D02BE215B904A00F2A55F /* Containerable.swift in Sources */ = {isa = PBXBuildFile; fileRef = 800D02BD215B904A00F2A55F /* Containerable.swift */; };
		800D02C0215B949200F2A55F /* AdaptiveItemSizeLayout.swift in Sources */ = {isa = PBXBuildFile; fileRef = 800D02BF215B949200F2A55F /* AdaptiveItemSizeLayout.swift */; };
		800D02C5215C520300F2A55F /* Line.swift in Sources */ = {isa = PBXBuildFile; fileRef = 800D02C4215C520300F2A55F /* Line.swift */; };
		8013D20A2182C3850001CD75 /* RotationImageView+RoopGenerator.swift in Sources */ = {isa = PBXBuildFile; fileRef = 8013D2052182C3850001CD75 /* RotationImageView+RoopGenerator.swift */; };
		8013D20B2182C3850001CD75 /* RotationImageView+ImageSwitcher.swift in Sources */ = {isa = PBXBuildFile; fileRef = 8013D2062182C3850001CD75 /* RotationImageView+ImageSwitcher.swift */; };
		8013D20C2182C3850001CD75 /* PhotoResource.swift in Sources */ = {isa = PBXBuildFile; fileRef = 8013D2072182C3850001CD75 /* PhotoResource.swift */; };
		8013D20D2182C3850001CD75 /* RotationImageView+Animator.swift in Sources */ = {isa = PBXBuildFile; fileRef = 8013D2082182C3850001CD75 /* RotationImageView+Animator.swift */; };
		8013D20E2182C3850001CD75 /* RotationImageView+DisplayManager.swift in Sources */ = {isa = PBXBuildFile; fileRef = 8013D2092182C3850001CD75 /* RotationImageView+DisplayManager.swift */; };
		8013D2122182C39A0001CD75 /* RotationImageItem.xib in Resources */ = {isa = PBXBuildFile; fileRef = 8013D2102182C39A0001CD75 /* RotationImageItem.xib */; };
		8013D2132182C39A0001CD75 /* RotationImageItem.swift in Sources */ = {isa = PBXBuildFile; fileRef = 8013D2112182C39A0001CD75 /* RotationImageItem.swift */; };
		8013D2162182C3A70001CD75 /* RotationImageView.swift in Sources */ = {isa = PBXBuildFile; fileRef = 8013D2142182C3A70001CD75 /* RotationImageView.swift */; };
		8013D2172182C3A70001CD75 /* RotationImageView.xib in Resources */ = {isa = PBXBuildFile; fileRef = 8013D2152182C3A70001CD75 /* RotationImageView.xib */; };
		803D6B0B215B0A24007C332E /* SoundWaveButton.xib in Resources */ = {isa = PBXBuildFile; fileRef = 803D6B09215B0A24007C332E /* SoundWaveButton.xib */; };
		803D6B0C215B0A24007C332E /* SoundWaveButton.swift in Sources */ = {isa = PBXBuildFile; fileRef = 803D6B0A215B0A24007C332E /* SoundWaveButton.swift */; };
		80400F1521900203002622C9 /* SemiModalView.swift in Sources */ = {isa = PBXBuildFile; fileRef = 80400F1421900203002622C9 /* SemiModalView.swift */; };
		80400F172190046A002622C9 /* SemiModalView.xib in Resources */ = {isa = PBXBuildFile; fileRef = 80400F162190046A002622C9 /* SemiModalView.xib */; };
		80471D4221B9F9CC000E1D23 /* ImageDetailViewController.swift in Sources */ = {isa = PBXBuildFile; fileRef = 80471D4021B9F9CC000E1D23 /* ImageDetailViewController.swift */; };
		80471D4321B9F9CC000E1D23 /* ImageDetailViewController.xib in Resources */ = {isa = PBXBuildFile; fileRef = 80471D4121B9F9CC000E1D23 /* ImageDetailViewController.xib */; };
		80471D4821B9FAAC000E1D23 /* ImageDetailThumbnailCollectionViewCell.swift in Sources */ = {isa = PBXBuildFile; fileRef = 80471D4621B9FAAC000E1D23 /* ImageDetailThumbnailCollectionViewCell.swift */; };
		80471D4921B9FAAC000E1D23 /* ImageDetailThumbnailCollectionViewCell.xib in Resources */ = {isa = PBXBuildFile; fileRef = 80471D4721B9FAAC000E1D23 /* ImageDetailThumbnailCollectionViewCell.xib */; };
		80C37A4B21560A0D00977C0B /* Painter.swift in Sources */ = {isa = PBXBuildFile; fileRef = 80C37A4A21560A0D00977C0B /* Painter.swift */; };
		80CC835B225465420048C052 /* PanelLayout.swift in Sources */ = {isa = PBXBuildFile; fileRef = 80CC835A225465420048C052 /* PanelLayout.swift */; };
		80FB2CA2216ED38A009F8049 /* PluggableLayout.swift in Sources */ = {isa = PBXBuildFile; fileRef = 80FB2CA1216ED38A009F8049 /* PluggableLayout.swift */; };
		80FB2CAC216ED8EE009F8049 /* UICatalog.framework in Frameworks */ = {isa = PBXBuildFile; fileRef = 6BDAE506215264D700BBB47A /* UICatalog.framework */; };
		80FB2CB7216ED92D009F8049 /* ColumnTests.swift in Sources */ = {isa = PBXBuildFile; fileRef = 80FB2CB6216ED92D009F8049 /* ColumnTests.swift */; };
		80FB2CBA21749FFA009F8049 /* RowTests.swift in Sources */ = {isa = PBXBuildFile; fileRef = 80FB2CB921749FFA009F8049 /* RowTests.swift */; };
/* End PBXBuildFile section */

/* Begin PBXContainerItemProxy section */
		80FB2CAD216ED8EE009F8049 /* PBXContainerItemProxy */ = {
			isa = PBXContainerItemProxy;
			containerPortal = 6BDAE4FD215264D700BBB47A /* Project object */;
			proxyType = 1;
			remoteGlobalIDString = 6BDAE505215264D700BBB47A;
			remoteInfo = UICatalog;
		};
/* End PBXContainerItemProxy section */

/* Begin PBXFileReference section */
		6B2713A0215A593500CBB58E /* AdaptiveHeightConfiguration.swift */ = {isa = PBXFileReference; lastKnownFileType = sourcecode.swift; path = AdaptiveHeightConfiguration.swift; sourceTree = "<group>"; };
		6B2713A2215A71A900CBB58E /* Row.swift */ = {isa = PBXFileReference; lastKnownFileType = sourcecode.swift; path = Row.swift; sourceTree = "<group>"; };
		6B2713A4215A71B700CBB58E /* RowContainer.swift */ = {isa = PBXFileReference; lastKnownFileType = sourcecode.swift; path = RowContainer.swift; sourceTree = "<group>"; };
		6B2713A6215A72CF00CBB58E /* AdaptiveWidthConfiguration.swift */ = {isa = PBXFileReference; lastKnownFileType = sourcecode.swift; path = AdaptiveWidthConfiguration.swift; sourceTree = "<group>"; };
		6B2713A8215A766E00CBB58E /* AdaptiveItemSizeLayoutDelegate.swift */ = {isa = PBXFileReference; lastKnownFileType = sourcecode.swift; path = AdaptiveItemSizeLayoutDelegate.swift; sourceTree = "<group>"; };
		6B2713B3215A855C00CBB58E /* CGSize+.swift */ = {isa = PBXFileReference; lastKnownFileType = sourcecode.swift; path = "CGSize+.swift"; sourceTree = "<group>"; };
		6B29049F217B019200FB7500 /* Configuration.swift */ = {isa = PBXFileReference; lastKnownFileType = sourcecode.swift; path = Configuration.swift; sourceTree = "<group>"; };
		6B30C4F72198004800A87018 /* ContentsPageViewController.swift */ = {isa = PBXFileReference; lastKnownFileType = sourcecode.swift; path = ContentsPageViewController.swift; sourceTree = "<group>"; };
		6B33DF4E21576B67006143A4 /* ProgressBar.xib */ = {isa = PBXFileReference; lastKnownFileType = file.xib; path = ProgressBar.xib; sourceTree = "<group>"; };
		6B33DF5021576B77006143A4 /* ProgressBar.swift */ = {isa = PBXFileReference; lastKnownFileType = sourcecode.swift; path = ProgressBar.swift; sourceTree = "<group>"; };
		6B33DF6921587A8B006143A4 /* OutlineLabel.swift */ = {isa = PBXFileReference; lastKnownFileType = sourcecode.swift; path = OutlineLabel.swift; sourceTree = "<group>"; };
		6B33DF732158BDB9006143A4 /* Column.swift */ = {isa = PBXFileReference; fileEncoding = 4; lastKnownFileType = sourcecode.swift; path = Column.swift; sourceTree = "<group>"; };
		6B33DF742158BDBA006143A4 /* ColumnContainer.swift */ = {isa = PBXFileReference; fileEncoding = 4; lastKnownFileType = sourcecode.swift; path = ColumnContainer.swift; sourceTree = "<group>"; };
		6B33DF852158C08B006143A4 /* ColumnCountDynamicAsignable.swift */ = {isa = PBXFileReference; lastKnownFileType = sourcecode.swift; path = ColumnCountDynamicAsignable.swift; sourceTree = "<group>"; };
		6B3B80E621BB89C40012EA63 /* UIImageView+.swift */ = {isa = PBXFileReference; lastKnownFileType = sourcecode.swift; path = "UIImageView+.swift"; sourceTree = "<group>"; };
		6B3B80E821BB8BF50012EA63 /* UICollectionView+.swift */ = {isa = PBXFileReference; lastKnownFileType = sourcecode.swift; path = "UICollectionView+.swift"; sourceTree = "<group>"; };
		6B3D506C216640D800D1BD85 /* UITableView+.swift */ = {isa = PBXFileReference; lastKnownFileType = sourcecode.swift; path = "UITableView+.swift"; sourceTree = "<group>"; };
		6B8DEE2F217C4A1F00D2D01F /* MenuActionIconCollectionViewCell.swift */ = {isa = PBXFileReference; lastKnownFileType = sourcecode.swift; path = MenuActionIconCollectionViewCell.swift; sourceTree = "<group>"; };
		6B8DEE30217C4A1F00D2D01F /* MenuActionIconCollectionViewCell.xib */ = {isa = PBXFileReference; lastKnownFileType = file.xib; path = MenuActionIconCollectionViewCell.xib; sourceTree = "<group>"; };
		6B8DEE33217C4A6B00D2D01F /* Images.xcassets */ = {isa = PBXFileReference; lastKnownFileType = folder.assetcatalog; path = Images.xcassets; sourceTree = "<group>"; };
		6B8DEE35217C535700D2D01F /* Bundle+.swift */ = {isa = PBXFileReference; lastKnownFileType = sourcecode.swift; path = "Bundle+.swift"; sourceTree = "<group>"; };
		6B8DEE37217C64A600D2D01F /* MenuSettingViewController.swift */ = {isa = PBXFileReference; lastKnownFileType = sourcecode.swift; path = MenuSettingViewController.swift; sourceTree = "<group>"; };
		6B8DEE38217C64A600D2D01F /* MenuSettingViewController.xib */ = {isa = PBXFileReference; lastKnownFileType = file.xib; path = MenuSettingViewController.xib; sourceTree = "<group>"; };
		6B8DEE3B217C67C000D2D01F /* MenuSettingTableViewCell.swift */ = {isa = PBXFileReference; lastKnownFileType = sourcecode.swift; path = MenuSettingTableViewCell.swift; sourceTree = "<group>"; };
		6B8DEE3C217C67C000D2D01F /* MenuSettingTableViewCell.xib */ = {isa = PBXFileReference; lastKnownFileType = file.xib; path = MenuSettingTableViewCell.xib; sourceTree = "<group>"; };
		6B8E2CC72196C69600CAC6FB /* PageCache.swift */ = {isa = PBXFileReference; lastKnownFileType = sourcecode.swift; path = PageCache.swift; sourceTree = "<group>"; };
		6B9863A22173982A00D5004C /* PagingChangeSubject.swift */ = {isa = PBXFileReference; lastKnownFileType = sourcecode.swift; path = PagingChangeSubject.swift; sourceTree = "<group>"; };
		6B9863A42173A03900D5004C /* CustomUrlScheme.swift */ = {isa = PBXFileReference; lastKnownFileType = sourcecode.swift; path = CustomUrlScheme.swift; sourceTree = "<group>"; };
		6B9863A62173A0B000D5004C /* LineMessenger.swift */ = {isa = PBXFileReference; lastKnownFileType = sourcecode.swift; path = LineMessenger.swift; sourceTree = "<group>"; };
		6B9863A92173A1B100D5004C /* ZoomTransitionAnimator.swift */ = {isa = PBXFileReference; lastKnownFileType = sourcecode.swift; path = ZoomTransitionAnimator.swift; sourceTree = "<group>"; };
		6B9863AB2173A1D100D5004C /* ZoomTransitionAnimateProtocol.swift */ = {isa = PBXFileReference; lastKnownFileType = sourcecode.swift; path = ZoomTransitionAnimateProtocol.swift; sourceTree = "<group>"; };
		6B9863AE2174D8FB00D5004C /* TabMenuViewController.swift */ = {isa = PBXFileReference; lastKnownFileType = sourcecode.swift; path = TabMenuViewController.swift; sourceTree = "<group>"; };
		6B9863B0217A0ADD00D5004C /* Menu.swift */ = {isa = PBXFileReference; lastKnownFileType = sourcecode.swift; path = Menu.swift; sourceTree = "<group>"; };
		6B9863B2217A0B1700D5004C /* MenuViewController.swift */ = {isa = PBXFileReference; lastKnownFileType = sourcecode.swift; path = MenuViewController.swift; sourceTree = "<group>"; };
		6B9863B4217A0B7400D5004C /* PageViewController.swift */ = {isa = PBXFileReference; lastKnownFileType = sourcecode.swift; path = PageViewController.swift; sourceTree = "<group>"; };
		6B9BB94121666C040031B96F /* UIViewController+.swift */ = {isa = PBXFileReference; fileEncoding = 4; lastKnownFileType = sourcecode.swift; path = "UIViewController+.swift"; sourceTree = "<group>"; };
		6BB8928721732ADF003430DC /* PageSynchronizedContainerViewController.swift */ = {isa = PBXFileReference; lastKnownFileType = sourcecode.swift; path = PageSynchronizedContainerViewController.swift; sourceTree = "<group>"; };
		6BB8928C2173370F003430DC /* PagingChangeSubscriber.swift */ = {isa = PBXFileReference; lastKnownFileType = sourcecode.swift; path = PagingChangeSubscriber.swift; sourceTree = "<group>"; };
		6BB8928E21733728003430DC /* PagingChangeObserver.swift */ = {isa = PBXFileReference; lastKnownFileType = sourcecode.swift; path = PagingChangeObserver.swift; sourceTree = "<group>"; };
		6BB892902173373C003430DC /* PagingSynchronizer.swift */ = {isa = PBXFileReference; lastKnownFileType = sourcecode.swift; path = PagingSynchronizer.swift; sourceTree = "<group>"; };
		6BB8929321733818003430DC /* InfiniteLoopPageViewController.swift */ = {isa = PBXFileReference; lastKnownFileType = sourcecode.swift; path = InfiniteLoopPageViewController.swift; sourceTree = "<group>"; };
		6BB8929421733818003430DC /* InfiniteLoopPageViewController.xib */ = {isa = PBXFileReference; lastKnownFileType = file.xib; path = InfiniteLoopPageViewController.xib; sourceTree = "<group>"; };
		6BB892A1217357FF003430DC /* SynchronizablePageViewController.swift */ = {isa = PBXFileReference; lastKnownFileType = sourcecode.swift; path = SynchronizablePageViewController.swift; sourceTree = "<group>"; };
		6BB892A321735825003430DC /* Pageable.swift */ = {isa = PBXFileReference; lastKnownFileType = sourcecode.swift; path = Pageable.swift; sourceTree = "<group>"; };
		6BB892B4217377CD003430DC /* SynchronizableCollectionViewController.swift */ = {isa = PBXFileReference; lastKnownFileType = sourcecode.swift; path = SynchronizableCollectionViewController.swift; sourceTree = "<group>"; };
		6BCCA1072198508E0011EBD8 /* Page.swift */ = {isa = PBXFileReference; lastKnownFileType = sourcecode.swift; path = Page.swift; sourceTree = "<group>"; };
		6BCD0FF32168815D00134159 /* ChatLayout.swift */ = {isa = PBXFileReference; lastKnownFileType = sourcecode.swift; path = ChatLayout.swift; sourceTree = "<group>"; };
		6BCD0FF5216CDFE700134159 /* Header.swift */ = {isa = PBXFileReference; lastKnownFileType = sourcecode.swift; path = Header.swift; sourceTree = "<group>"; };
		6BDAE506215264D700BBB47A /* UICatalog.framework */ = {isa = PBXFileReference; explicitFileType = wrapper.framework; includeInIndex = 0; path = UICatalog.framework; sourceTree = BUILT_PRODUCTS_DIR; };
		6BDAE509215264D700BBB47A /* UICatalog.h */ = {isa = PBXFileReference; lastKnownFileType = sourcecode.c.h; path = UICatalog.h; sourceTree = "<group>"; };
		6BDAE50A215264D700BBB47A /* Info.plist */ = {isa = PBXFileReference; lastKnownFileType = text.plist.xml; path = Info.plist; sourceTree = "<group>"; };
		6BDAE519215265BB00BBB47A /* RangeSlider.h */ = {isa = PBXFileReference; fileEncoding = 4; lastKnownFileType = sourcecode.c.h; path = RangeSlider.h; sourceTree = "<group>"; };
		6BDAE51E215265DA00BBB47A /* RangeSliderViewInitializable.swift */ = {isa = PBXFileReference; fileEncoding = 4; lastKnownFileType = sourcecode.swift; path = RangeSliderViewInitializable.swift; sourceTree = "<group>"; };
		6BDAE520215265E100BBB47A /* RangeSlider.swift */ = {isa = PBXFileReference; fileEncoding = 4; lastKnownFileType = sourcecode.swift; path = RangeSlider.swift; sourceTree = "<group>"; };
		6BDAE521215265E100BBB47A /* RangeSlider.xib */ = {isa = PBXFileReference; fileEncoding = 4; lastKnownFileType = file.xib; path = RangeSlider.xib; sourceTree = "<group>"; };
		6BDAE522215265E200BBB47A /* RangeSliderTab.xib */ = {isa = PBXFileReference; fileEncoding = 4; lastKnownFileType = file.xib; path = RangeSliderTab.xib; sourceTree = "<group>"; };
		6BDAE523215265E200BBB47A /* CustomEdgeInsetsLabel.swift */ = {isa = PBXFileReference; fileEncoding = 4; lastKnownFileType = sourcecode.swift; path = CustomEdgeInsetsLabel.swift; sourceTree = "<group>"; };
		6BDAE524215265E200BBB47A /* RangeSliderTab.swift */ = {isa = PBXFileReference; fileEncoding = 4; lastKnownFileType = sourcecode.swift; path = RangeSliderTab.swift; sourceTree = "<group>"; };
		6BDAE52A215265EB00BBB47A /* RangeSliderConfiguration.swift */ = {isa = PBXFileReference; fileEncoding = 4; lastKnownFileType = sourcecode.swift; path = RangeSliderConfiguration.swift; sourceTree = "<group>"; };
		6BDAE52B215265EC00BBB47A /* PickingState.swift */ = {isa = PBXFileReference; fileEncoding = 4; lastKnownFileType = sourcecode.swift; path = PickingState.swift; sourceTree = "<group>"; };
		6BDAE52C215265EC00BBB47A /* SliderValue.swift */ = {isa = PBXFileReference; fileEncoding = 4; lastKnownFileType = sourcecode.swift; path = SliderValue.swift; sourceTree = "<group>"; };
		6BDAE53921526B2500BBB47A /* CellWidthCalculatable.swift */ = {isa = PBXFileReference; fileEncoding = 4; lastKnownFileType = sourcecode.swift; path = CellWidthCalculatable.swift; sourceTree = "<group>"; };
		6BDAE53A21526B2500BBB47A /* ViewControllerInstantiatable.swift */ = {isa = PBXFileReference; fileEncoding = 4; lastKnownFileType = sourcecode.swift; path = ViewControllerInstantiatable.swift; sourceTree = "<group>"; };
		6BDAE53B21526B2500BBB47A /* CellHeightCalculatable.swift */ = {isa = PBXFileReference; fileEncoding = 4; lastKnownFileType = sourcecode.swift; path = CellHeightCalculatable.swift; sourceTree = "<group>"; };
		6BDAE53C21526B2500BBB47A /* XibInitializable.swift */ = {isa = PBXFileReference; fileEncoding = 4; lastKnownFileType = sourcecode.swift; path = XibInitializable.swift; sourceTree = "<group>"; };
		6BDAE53E21526B2500BBB47A /* ReusableViewRegisterable.swift */ = {isa = PBXFileReference; fileEncoding = 4; lastKnownFileType = sourcecode.swift; path = ReusableViewRegisterable.swift; sourceTree = "<group>"; };
		6BDAE53F21526B2500BBB47A /* NibInstantiatable.swift */ = {isa = PBXFileReference; fileEncoding = 4; lastKnownFileType = sourcecode.swift; path = NibInstantiatable.swift; sourceTree = "<group>"; };
		6BDAE54021526B2500BBB47A /* CellRegisterable.swift */ = {isa = PBXFileReference; fileEncoding = 4; lastKnownFileType = sourcecode.swift; path = CellRegisterable.swift; sourceTree = "<group>"; };
		6BDAE54A21526B3B00BBB47A /* Color+.swift */ = {isa = PBXFileReference; fileEncoding = 4; lastKnownFileType = sourcecode.swift; path = "Color+.swift"; sourceTree = "<group>"; };
		6BDAE54B21526B3B00BBB47A /* Notification+.swift */ = {isa = PBXFileReference; fileEncoding = 4; lastKnownFileType = sourcecode.swift; path = "Notification+.swift"; sourceTree = "<group>"; };
		6BDAE54C21526B3B00BBB47A /* UIView+.swift */ = {isa = PBXFileReference; fileEncoding = 4; lastKnownFileType = sourcecode.swift; path = "UIView+.swift"; sourceTree = "<group>"; };
		6BDAE55121526B5100BBB47A /* TapticEngine.swift */ = {isa = PBXFileReference; fileEncoding = 4; lastKnownFileType = sourcecode.swift; path = TapticEngine.swift; sourceTree = "<group>"; };
		6BEFD45021BB967A001E12BF /* ImageDetailCollectionViewCell.swift */ = {isa = PBXFileReference; lastKnownFileType = sourcecode.swift; path = ImageDetailCollectionViewCell.swift; sourceTree = "<group>"; };
		6BEFD45121BB967A001E12BF /* ImageDetailCollectionViewCell.xib */ = {isa = PBXFileReference; lastKnownFileType = file.xib; path = ImageDetailCollectionViewCell.xib; sourceTree = "<group>"; };
		8008E6BA2192A8F20083D920 /* SemiModalViewPosition.swift */ = {isa = PBXFileReference; lastKnownFileType = sourcecode.swift; path = SemiModalViewPosition.swift; sourceTree = "<group>"; };
		8008E6BC2192A8FE0083D920 /* SemiModalViewConfiguration.swift */ = {isa = PBXFileReference; lastKnownFileType = sourcecode.swift; path = SemiModalViewConfiguration.swift; sourceTree = "<group>"; };
		800D02BD215B904A00F2A55F /* Containerable.swift */ = {isa = PBXFileReference; lastKnownFileType = sourcecode.swift; path = Containerable.swift; sourceTree = "<group>"; };
		800D02BF215B949200F2A55F /* AdaptiveItemSizeLayout.swift */ = {isa = PBXFileReference; lastKnownFileType = sourcecode.swift; path = AdaptiveItemSizeLayout.swift; sourceTree = "<group>"; };
		800D02C4215C520300F2A55F /* Line.swift */ = {isa = PBXFileReference; lastKnownFileType = sourcecode.swift; path = Line.swift; sourceTree = "<group>"; };
		8013D2052182C3850001CD75 /* RotationImageView+RoopGenerator.swift */ = {isa = PBXFileReference; fileEncoding = 4; lastKnownFileType = sourcecode.swift; path = "RotationImageView+RoopGenerator.swift"; sourceTree = "<group>"; };
		8013D2062182C3850001CD75 /* RotationImageView+ImageSwitcher.swift */ = {isa = PBXFileReference; fileEncoding = 4; lastKnownFileType = sourcecode.swift; path = "RotationImageView+ImageSwitcher.swift"; sourceTree = "<group>"; };
		8013D2072182C3850001CD75 /* PhotoResource.swift */ = {isa = PBXFileReference; fileEncoding = 4; lastKnownFileType = sourcecode.swift; path = PhotoResource.swift; sourceTree = "<group>"; };
		8013D2082182C3850001CD75 /* RotationImageView+Animator.swift */ = {isa = PBXFileReference; fileEncoding = 4; lastKnownFileType = sourcecode.swift; path = "RotationImageView+Animator.swift"; sourceTree = "<group>"; };
		8013D2092182C3850001CD75 /* RotationImageView+DisplayManager.swift */ = {isa = PBXFileReference; fileEncoding = 4; lastKnownFileType = sourcecode.swift; path = "RotationImageView+DisplayManager.swift"; sourceTree = "<group>"; };
		8013D2102182C39A0001CD75 /* RotationImageItem.xib */ = {isa = PBXFileReference; fileEncoding = 4; lastKnownFileType = file.xib; path = RotationImageItem.xib; sourceTree = "<group>"; };
		8013D2112182C39A0001CD75 /* RotationImageItem.swift */ = {isa = PBXFileReference; fileEncoding = 4; lastKnownFileType = sourcecode.swift; path = RotationImageItem.swift; sourceTree = "<group>"; };
		8013D2142182C3A70001CD75 /* RotationImageView.swift */ = {isa = PBXFileReference; fileEncoding = 4; lastKnownFileType = sourcecode.swift; path = RotationImageView.swift; sourceTree = "<group>"; };
		8013D2152182C3A70001CD75 /* RotationImageView.xib */ = {isa = PBXFileReference; fileEncoding = 4; lastKnownFileType = file.xib; path = RotationImageView.xib; sourceTree = "<group>"; };
		803D6B09215B0A24007C332E /* SoundWaveButton.xib */ = {isa = PBXFileReference; fileEncoding = 4; lastKnownFileType = file.xib; path = SoundWaveButton.xib; sourceTree = "<group>"; };
		803D6B0A215B0A24007C332E /* SoundWaveButton.swift */ = {isa = PBXFileReference; fileEncoding = 4; lastKnownFileType = sourcecode.swift; path = SoundWaveButton.swift; sourceTree = "<group>"; };
		80400F1421900203002622C9 /* SemiModalView.swift */ = {isa = PBXFileReference; lastKnownFileType = sourcecode.swift; path = SemiModalView.swift; sourceTree = "<group>"; };
		80400F162190046A002622C9 /* SemiModalView.xib */ = {isa = PBXFileReference; lastKnownFileType = file.xib; path = SemiModalView.xib; sourceTree = "<group>"; };
		80471D4021B9F9CC000E1D23 /* ImageDetailViewController.swift */ = {isa = PBXFileReference; fileEncoding = 4; lastKnownFileType = sourcecode.swift; path = ImageDetailViewController.swift; sourceTree = "<group>"; };
		80471D4121B9F9CC000E1D23 /* ImageDetailViewController.xib */ = {isa = PBXFileReference; fileEncoding = 4; lastKnownFileType = file.xib; path = ImageDetailViewController.xib; sourceTree = "<group>"; };
		80471D4621B9FAAC000E1D23 /* ImageDetailThumbnailCollectionViewCell.swift */ = {isa = PBXFileReference; lastKnownFileType = sourcecode.swift; path = ImageDetailThumbnailCollectionViewCell.swift; sourceTree = "<group>"; };
		80471D4721B9FAAC000E1D23 /* ImageDetailThumbnailCollectionViewCell.xib */ = {isa = PBXFileReference; lastKnownFileType = file.xib; path = ImageDetailThumbnailCollectionViewCell.xib; sourceTree = "<group>"; };
		80C37A4A21560A0D00977C0B /* Painter.swift */ = {isa = PBXFileReference; lastKnownFileType = sourcecode.swift; path = Painter.swift; sourceTree = "<group>"; };
		80CC835A225465420048C052 /* PanelLayout.swift */ = {isa = PBXFileReference; lastKnownFileType = sourcecode.swift; path = PanelLayout.swift; sourceTree = "<group>"; };
		80FB2CA1216ED38A009F8049 /* PluggableLayout.swift */ = {isa = PBXFileReference; lastKnownFileType = sourcecode.swift; path = PluggableLayout.swift; sourceTree = "<group>"; };
		80FB2CA7216ED8EE009F8049 /* UICatalogTests.xctest */ = {isa = PBXFileReference; explicitFileType = wrapper.cfbundle; includeInIndex = 0; path = UICatalogTests.xctest; sourceTree = BUILT_PRODUCTS_DIR; };
		80FB2CAB216ED8EE009F8049 /* Info.plist */ = {isa = PBXFileReference; lastKnownFileType = text.plist.xml; path = Info.plist; sourceTree = "<group>"; };
		80FB2CB5216ED92C009F8049 /* UICatalogTests-Bridging-Header.h */ = {isa = PBXFileReference; lastKnownFileType = sourcecode.c.h; path = "UICatalogTests-Bridging-Header.h"; sourceTree = "<group>"; };
		80FB2CB6216ED92D009F8049 /* ColumnTests.swift */ = {isa = PBXFileReference; lastKnownFileType = sourcecode.swift; path = ColumnTests.swift; sourceTree = "<group>"; };
		80FB2CB921749FFA009F8049 /* RowTests.swift */ = {isa = PBXFileReference; lastKnownFileType = sourcecode.swift; path = RowTests.swift; sourceTree = "<group>"; };
/* End PBXFileReference section */

/* Begin PBXFrameworksBuildPhase section */
		6BDAE503215264D700BBB47A /* Frameworks */ = {
			isa = PBXFrameworksBuildPhase;
			buildActionMask = 2147483647;
			files = (
			);
			runOnlyForDeploymentPostprocessing = 0;
		};
		80FB2CA4216ED8EE009F8049 /* Frameworks */ = {
			isa = PBXFrameworksBuildPhase;
			buildActionMask = 2147483647;
			files = (
				80FB2CAC216ED8EE009F8049 /* UICatalog.framework in Frameworks */,
			);
			runOnlyForDeploymentPostprocessing = 0;
		};
/* End PBXFrameworksBuildPhase section */

/* Begin PBXGroup section */
		6B14E2FB215BD17600936FBF /* Configuration */ = {
			isa = PBXGroup;
			children = (
				6B2713A6215A72CF00CBB58E /* AdaptiveWidthConfiguration.swift */,
				6B2713A0215A593500CBB58E /* AdaptiveHeightConfiguration.swift */,
			);
			path = Configuration;
			sourceTree = "<group>";
		};
		6B33DF4D21576B5A006143A4 /* ProgressBar */ = {
			isa = PBXGroup;
			children = (
				6B33DF4E21576B67006143A4 /* ProgressBar.xib */,
				6B33DF5021576B77006143A4 /* ProgressBar.swift */,
			);
			path = ProgressBar;
			sourceTree = "<group>";
		};
		6B33DF6821587A72006143A4 /* OutlineLabel */ = {
			isa = PBXGroup;
			children = (
				6B33DF6921587A8B006143A4 /* OutlineLabel.swift */,
			);
			path = OutlineLabel;
			sourceTree = "<group>";
		};
		6B33DF702158BC6A006143A4 /* Parts */ = {
			isa = PBXGroup;
			children = (
				808B530B21AB7CC3005BB6E4 /* ToastView */,
				80400F13219001D9002622C9 /* OverlayMenuView */,
				8013D2032182C36A0001CD75 /* RotationImageView */,
				803D6B0D215B0A29007C332E /* SoundWaveButton */,
				6B33DF6821587A72006143A4 /* OutlineLabel */,
				6B33DF4D21576B5A006143A4 /* ProgressBar */,
				6BDAE5142152659200BBB47A /* RangeSlider */,
			);
			path = Parts;
			sourceTree = "<group>";
		};
		6B33DF712158BC75006143A4 /* Layout */ = {
			isa = PBXGroup;
			children = (
				80CC83592254652F0048C052 /* PanelLayout */,
				80FB2CA0216ED35C009F8049 /* PluggableLayout */,
				6BCD0FF22168813300134159 /* ChatLayout */,
				800D02BC215B903300F2A55F /* AdaptiveItemSizeLayout */,
			);
			path = Layout;
			sourceTree = "<group>";
		};
		6B8DEE2C217C49D800D2D01F /* Controller */ = {
			isa = PBXGroup;
			children = (
				6B9863AE2174D8FB00D5004C /* TabMenuViewController.swift */,
				6B9863B2217A0B1700D5004C /* MenuViewController.swift */,
				6B9863B4217A0B7400D5004C /* PageViewController.swift */,
				6B8DEE37217C64A600D2D01F /* MenuSettingViewController.swift */,
				6B8DEE38217C64A600D2D01F /* MenuSettingViewController.xib */,
				6B30C4F72198004800A87018 /* ContentsPageViewController.swift */,
			);
			path = Controller;
			sourceTree = "<group>";
		};
		6B8DEE2D217C49EB00D2D01F /* Model */ = {
			isa = PBXGroup;
			children = (
				6B9863B0217A0ADD00D5004C /* Menu.swift */,
				6B29049F217B019200FB7500 /* Configuration.swift */,
			);
			path = Model;
			sourceTree = "<group>";
		};
		6B8DEE2E217C49F700D2D01F /* View */ = {
			isa = PBXGroup;
			children = (
				6B8DEE2F217C4A1F00D2D01F /* MenuActionIconCollectionViewCell.swift */,
				6B8DEE30217C4A1F00D2D01F /* MenuActionIconCollectionViewCell.xib */,
				6B8DEE3B217C67C000D2D01F /* MenuSettingTableViewCell.swift */,
				6B8DEE3C217C67C000D2D01F /* MenuSettingTableViewCell.xib */,
			);
			path = View;
			sourceTree = "<group>";
		};
		6B9863A82173A1AA00D5004C /* Animator */ = {
			isa = PBXGroup;
			children = (
				8013D21D2182C9550001CD75 /* ZoomTransitionAnimator */,
			);
			path = Animator;
			sourceTree = "<group>";
		};
		6B9863AD2174D8CB00D5004C /* TabMenuViewController */ = {
			isa = PBXGroup;
			children = (
				6B8DEE2D217C49EB00D2D01F /* Model */,
				6B8DEE2E217C49F700D2D01F /* View */,
				6B8DEE2C217C49D800D2D01F /* Controller */,
			);
			path = TabMenuViewController;
			sourceTree = "<group>";
		};
		6BB8928521732AAB003430DC /* ViewController */ = {
			isa = PBXGroup;
			children = (
				80471D3F21B9F9C0000E1D23 /* ImageDetailViewController */,
				6B9863AD2174D8CB00D5004C /* TabMenuViewController */,
				6BB89292217337F2003430DC /* InfiniteLoopPageViewController */,
				6BB8928621732AB3003430DC /* PageSynchronizedContainerViewController */,
			);
			path = ViewController;
			sourceTree = "<group>";
		};
		6BB8928621732AB3003430DC /* PageSynchronizedContainerViewController */ = {
			isa = PBXGroup;
			children = (
				6BB892A0217357AB003430DC /* ChildViewController */,
				6BB8928B21733708003430DC /* Protocol */,
				6BB8928721732ADF003430DC /* PageSynchronizedContainerViewController.swift */,
			);
			path = PageSynchronizedContainerViewController;
			sourceTree = "<group>";
		};
		6BB8928B21733708003430DC /* Protocol */ = {
			isa = PBXGroup;
			children = (
				6BB892902173373C003430DC /* PagingSynchronizer.swift */,
				6BB8928C2173370F003430DC /* PagingChangeSubscriber.swift */,
				6BB8928E21733728003430DC /* PagingChangeObserver.swift */,
				6B9863A22173982A00D5004C /* PagingChangeSubject.swift */,
			);
			path = Protocol;
			sourceTree = "<group>";
		};
		6BB89292217337F2003430DC /* InfiniteLoopPageViewController */ = {
			isa = PBXGroup;
			children = (
				6BB8929321733818003430DC /* InfiniteLoopPageViewController.swift */,
				6BB8929421733818003430DC /* InfiniteLoopPageViewController.xib */,
				6BB892A321735825003430DC /* Pageable.swift */,
				6BCCA1072198508E0011EBD8 /* Page.swift */,
				6B8E2CC72196C69600CAC6FB /* PageCache.swift */,
			);
			path = InfiniteLoopPageViewController;
			sourceTree = "<group>";
		};
		6BB892A0217357AB003430DC /* ChildViewController */ = {
			isa = PBXGroup;
			children = (
				6BB892A1217357FF003430DC /* SynchronizablePageViewController.swift */,
				6BB892B4217377CD003430DC /* SynchronizableCollectionViewController.swift */,
			);
			path = ChildViewController;
			sourceTree = "<group>";
		};
		6BCD0FF22168813300134159 /* ChatLayout */ = {
			isa = PBXGroup;
			children = (
				6BCD0FF32168815D00134159 /* ChatLayout.swift */,
			);
			path = ChatLayout;
			sourceTree = "<group>";
		};
		6BDAE4FC215264D700BBB47A = {
			isa = PBXGroup;
			children = (
				6BDAE508215264D700BBB47A /* UICatalog */,
				80FB2CA8216ED8EE009F8049 /* UICatalogTests */,
				6BDAE507215264D700BBB47A /* Products */,
			);
			sourceTree = "<group>";
		};
		6BDAE507215264D700BBB47A /* Products */ = {
			isa = PBXGroup;
			children = (
				6BDAE506215264D700BBB47A /* UICatalog.framework */,
				80FB2CA7216ED8EE009F8049 /* UICatalogTests.xctest */,
			);
			name = Products;
			sourceTree = "<group>";
		};
		6BDAE508215264D700BBB47A /* UICatalog */ = {
			isa = PBXGroup;
			children = (
				6BEFD44D21BB91A3001E12BF /* Model */,
				6B9863A82173A1AA00D5004C /* Animator */,
				6BB8928521732AAB003430DC /* ViewController */,
				6B33DF712158BC75006143A4 /* Layout */,
				6B33DF702158BC6A006143A4 /* Parts */,
				6BDAE53721526B1000BBB47A /* Util */,
				6BDAE509215264D700BBB47A /* UICatalog.h */,
				6BDAE50A215264D700BBB47A /* Info.plist */,
				6B8DEE33217C4A6B00D2D01F /* Images.xcassets */,
			);
			path = UICatalog;
			sourceTree = "<group>";
		};
		6BDAE5142152659200BBB47A /* RangeSlider */ = {
			isa = PBXGroup;
			children = (
				6BDAE51D215265D100BBB47A /* View */,
				6BDAE51C215265C800BBB47A /* Value */,
				6BDAE51B215265C200BBB47A /* Protocol */,
				6BDAE519215265BB00BBB47A /* RangeSlider.h */,
			);
			path = RangeSlider;
			sourceTree = "<group>";
		};
		6BDAE51B215265C200BBB47A /* Protocol */ = {
			isa = PBXGroup;
			children = (
				6BDAE51E215265DA00BBB47A /* RangeSliderViewInitializable.swift */,
			);
			path = Protocol;
			sourceTree = "<group>";
		};
		6BDAE51C215265C800BBB47A /* Value */ = {
			isa = PBXGroup;
			children = (
				6BDAE52A215265EB00BBB47A /* RangeSliderConfiguration.swift */,
				6BDAE52B215265EC00BBB47A /* PickingState.swift */,
				6BDAE52C215265EC00BBB47A /* SliderValue.swift */,
			);
			path = Value;
			sourceTree = "<group>";
		};
		6BDAE51D215265D100BBB47A /* View */ = {
			isa = PBXGroup;
			children = (
				6BDAE523215265E200BBB47A /* CustomEdgeInsetsLabel.swift */,
				6BDAE520215265E100BBB47A /* RangeSlider.swift */,
				6BDAE521215265E100BBB47A /* RangeSlider.xib */,
				6BDAE524215265E200BBB47A /* RangeSliderTab.swift */,
				6BDAE522215265E200BBB47A /* RangeSliderTab.xib */,
			);
			path = View;
			sourceTree = "<group>";
		};
		6BDAE53721526B1000BBB47A /* Util */ = {
			isa = PBXGroup;
			children = (
				6BDAE55021526B4300BBB47A /* Helper */,
				6BDAE54921526B3200BBB47A /* Extension */,
				6BDAE53821526B1A00BBB47A /* Protocol */,
			);
			path = Util;
			sourceTree = "<group>";
		};
		6BDAE53821526B1A00BBB47A /* Protocol */ = {
			isa = PBXGroup;
			children = (
				6BDAE53B21526B2500BBB47A /* CellHeightCalculatable.swift */,
				6BDAE54021526B2500BBB47A /* CellRegisterable.swift */,
				6BDAE53921526B2500BBB47A /* CellWidthCalculatable.swift */,
				6BDAE53F21526B2500BBB47A /* NibInstantiatable.swift */,
				6BDAE53E21526B2500BBB47A /* ReusableViewRegisterable.swift */,
				6BDAE53A21526B2500BBB47A /* ViewControllerInstantiatable.swift */,
				6BDAE53C21526B2500BBB47A /* XibInitializable.swift */,
			);
			path = Protocol;
			sourceTree = "<group>";
		};
		6BDAE54921526B3200BBB47A /* Extension */ = {
			isa = PBXGroup;
			children = (
				6B9BB94121666C040031B96F /* UIViewController+.swift */,
				6BDAE54A21526B3B00BBB47A /* Color+.swift */,
				6BDAE54B21526B3B00BBB47A /* Notification+.swift */,
				6BDAE54C21526B3B00BBB47A /* UIView+.swift */,
				6B2713B3215A855C00CBB58E /* CGSize+.swift */,
				6B3D506C216640D800D1BD85 /* UITableView+.swift */,
				6B8DEE35217C535700D2D01F /* Bundle+.swift */,
				6B3B80E621BB89C40012EA63 /* UIImageView+.swift */,
				6B3B80E821BB8BF50012EA63 /* UICollectionView+.swift */,
			);
			path = Extension;
			sourceTree = "<group>";
		};
		6BDAE55021526B4300BBB47A /* Helper */ = {
			isa = PBXGroup;
			children = (
				6BDAE55121526B5100BBB47A /* TapticEngine.swift */,
				80C37A4A21560A0D00977C0B /* Painter.swift */,
				6B9863A42173A03900D5004C /* CustomUrlScheme.swift */,
				6B9863A62173A0B000D5004C /* LineMessenger.swift */,
			);
			path = Helper;
			sourceTree = "<group>";
		};
		6BEFD44D21BB91A3001E12BF /* Model */ = {
			isa = PBXGroup;
			children = (
				8013D2072182C3850001CD75 /* PhotoResource.swift */,
			);
			path = Model;
			sourceTree = "<group>";
		};
		6BEFD44E21BB9651001E12BF /* Thumbnail */ = {
			isa = PBXGroup;
			children = (
				80471D4621B9FAAC000E1D23 /* ImageDetailThumbnailCollectionViewCell.swift */,
				80471D4721B9FAAC000E1D23 /* ImageDetailThumbnailCollectionViewCell.xib */,
			);
			path = Thumbnail;
			sourceTree = "<group>";
		};
		6BEFD44F21BB965E001E12BF /* Detail */ = {
			isa = PBXGroup;
			children = (
				6BEFD45021BB967A001E12BF /* ImageDetailCollectionViewCell.swift */,
				6BEFD45121BB967A001E12BF /* ImageDetailCollectionViewCell.xib */,
			);
			path = Detail;
			sourceTree = "<group>";
		};
		800D02BC215B903300F2A55F /* AdaptiveItemSizeLayout */ = {
			isa = PBXGroup;
			children = (
				6B14E2FB215BD17600936FBF /* Configuration */,
				800D02C3215B9C1E00F2A55F /* Column */,
				800D02C2215B9C1500F2A55F /* Row */,
				800D02BF215B949200F2A55F /* AdaptiveItemSizeLayout.swift */,
				800D02BD215B904A00F2A55F /* Containerable.swift */,
				6B2713A8215A766E00CBB58E /* AdaptiveItemSizeLayoutDelegate.swift */,
				800D02C4215C520300F2A55F /* Line.swift */,
				6BCD0FF5216CDFE700134159 /* Header.swift */,
			);
			path = AdaptiveItemSizeLayout;
			sourceTree = "<group>";
		};
		800D02C2215B9C1500F2A55F /* Row */ = {
			isa = PBXGroup;
			children = (
				6B2713A2215A71A900CBB58E /* Row.swift */,
				6B2713A4215A71B700CBB58E /* RowContainer.swift */,
			);
			path = Row;
			sourceTree = "<group>";
		};
		800D02C3215B9C1E00F2A55F /* Column */ = {
			isa = PBXGroup;
			children = (
				6B33DF732158BDB9006143A4 /* Column.swift */,
				6B33DF742158BDBA006143A4 /* ColumnContainer.swift */,
				6B33DF852158C08B006143A4 /* ColumnCountDynamicAsignable.swift */,
			);
			path = Column;
			sourceTree = "<group>";
		};
		8013D2032182C36A0001CD75 /* RotationImageView */ = {
			isa = PBXGroup;
			children = (
				8013D20F2182C3910001CD75 /* RotationImageItem */,
				8013D2042182C37B0001CD75 /* Model */,
				8013D2142182C3A70001CD75 /* RotationImageView.swift */,
				8013D2152182C3A70001CD75 /* RotationImageView.xib */,
			);
			path = RotationImageView;
			sourceTree = "<group>";
		};
		8013D2042182C37B0001CD75 /* Model */ = {
			isa = PBXGroup;
			children = (
				8013D2082182C3850001CD75 /* RotationImageView+Animator.swift */,
				8013D2092182C3850001CD75 /* RotationImageView+DisplayManager.swift */,
				8013D2062182C3850001CD75 /* RotationImageView+ImageSwitcher.swift */,
				8013D2052182C3850001CD75 /* RotationImageView+RoopGenerator.swift */,
			);
			path = Model;
			sourceTree = "<group>";
		};
		8013D20F2182C3910001CD75 /* RotationImageItem */ = {
			isa = PBXGroup;
			children = (
				8013D2112182C39A0001CD75 /* RotationImageItem.swift */,
				8013D2102182C39A0001CD75 /* RotationImageItem.xib */,
			);
			path = RotationImageItem;
			sourceTree = "<group>";
		};
		8013D21D2182C9550001CD75 /* ZoomTransitionAnimator */ = {
			isa = PBXGroup;
			children = (
				6B9863A92173A1B100D5004C /* ZoomTransitionAnimator.swift */,
				6B9863AB2173A1D100D5004C /* ZoomTransitionAnimateProtocol.swift */,
			);
			path = ZoomTransitionAnimator;
			sourceTree = "<group>";
		};
		803D6B0D215B0A29007C332E /* SoundWaveButton */ = {
			isa = PBXGroup;
			children = (
				803D6B0A215B0A24007C332E /* SoundWaveButton.swift */,
				803D6B09215B0A24007C332E /* SoundWaveButton.xib */,
			);
			path = SoundWaveButton;
			sourceTree = "<group>";
		};
		80400F13219001D9002622C9 /* OverlayMenuView */ = {
			isa = PBXGroup;
			children = (
				80400F1421900203002622C9 /* SemiModalView.swift */,
				80400F162190046A002622C9 /* SemiModalView.xib */,
				8008E6BA2192A8F20083D920 /* SemiModalViewPosition.swift */,
				8008E6BC2192A8FE0083D920 /* SemiModalViewConfiguration.swift */,
			);
			path = OverlayMenuView;
			sourceTree = "<group>";
		};
		80471D3F21B9F9C0000E1D23 /* ImageDetailViewController */ = {
			isa = PBXGroup;
			children = (
				80471D4521B9FA58000E1D23 /* ViewController */,
				80471D4421B9FA53000E1D23 /* Cell */,
			);
			path = ImageDetailViewController;
			sourceTree = "<group>";
		};
		80471D4421B9FA53000E1D23 /* Cell */ = {
			isa = PBXGroup;
			children = (
				6BEFD44F21BB965E001E12BF /* Detail */,
				6BEFD44E21BB9651001E12BF /* Thumbnail */,
			);
			path = Cell;
			sourceTree = "<group>";
		};
		80471D4521B9FA58000E1D23 /* ViewController */ = {
			isa = PBXGroup;
			children = (
				80471D4021B9F9CC000E1D23 /* ImageDetailViewController.swift */,
				80471D4121B9F9CC000E1D23 /* ImageDetailViewController.xib */,
			);
			path = ViewController;
			sourceTree = "<group>";
		};
		808B530B21AB7CC3005BB6E4 /* ToastView */ = {
			isa = PBXGroup;
			children = (
			);
			path = ToastView;
			sourceTree = "<group>";
		};
		80CC83592254652F0048C052 /* PanelLayout */ = {
			isa = PBXGroup;
			children = (
				80CC835A225465420048C052 /* PanelLayout.swift */,
			);
			path = PanelLayout;
			sourceTree = "<group>";
		};
		80FB2CA0216ED35C009F8049 /* PluggableLayout */ = {
			isa = PBXGroup;
			children = (
				80FB2CA1216ED38A009F8049 /* PluggableLayout.swift */,
			);
			path = PluggableLayout;
			sourceTree = "<group>";
		};
		80FB2CA8216ED8EE009F8049 /* UICatalogTests */ = {
			isa = PBXGroup;
			children = (
				80FB2CB2216ED8F8009F8049 /* Layout */,
				80FB2CAB216ED8EE009F8049 /* Info.plist */,
				80FB2CB5216ED92C009F8049 /* UICatalogTests-Bridging-Header.h */,
			);
			path = UICatalogTests;
			sourceTree = "<group>";
		};
		80FB2CB2216ED8F8009F8049 /* Layout */ = {
			isa = PBXGroup;
			children = (
				80FB2CB3216ED904009F8049 /* AdaptiveItemSizeLayout */,
			);
			path = Layout;
			sourceTree = "<group>";
		};
		80FB2CB3216ED904009F8049 /* AdaptiveItemSizeLayout */ = {
			isa = PBXGroup;
			children = (
				80FB2CB4216ED911009F8049 /* Column */,
				80FB2CB821749FE5009F8049 /* Row */,
			);
			path = AdaptiveItemSizeLayout;
			sourceTree = "<group>";
		};
		80FB2CB4216ED911009F8049 /* Column */ = {
			isa = PBXGroup;
			children = (
				80FB2CB6216ED92D009F8049 /* ColumnTests.swift */,
			);
			path = Column;
			sourceTree = "<group>";
		};
		80FB2CB821749FE5009F8049 /* Row */ = {
			isa = PBXGroup;
			children = (
				80FB2CB921749FFA009F8049 /* RowTests.swift */,
			);
			path = Row;
			sourceTree = "<group>";
		};
/* End PBXGroup section */

/* Begin PBXHeadersBuildPhase section */
		6BDAE501215264D700BBB47A /* Headers */ = {
			isa = PBXHeadersBuildPhase;
			buildActionMask = 2147483647;
			files = (
				6BDAE50B215264D700BBB47A /* UICatalog.h in Headers */,
				6BDAE51A215265BB00BBB47A /* RangeSlider.h in Headers */,
			);
			runOnlyForDeploymentPostprocessing = 0;
		};
/* End PBXHeadersBuildPhase section */

/* Begin PBXNativeTarget section */
		6BDAE505215264D700BBB47A /* UICatalog */ = {
			isa = PBXNativeTarget;
			buildConfigurationList = 6BDAE50E215264D700BBB47A /* Build configuration list for PBXNativeTarget "UICatalog" */;
			buildPhases = (
				6BDAE501215264D700BBB47A /* Headers */,
				6BDAE502215264D700BBB47A /* Sources */,
				6BDAE503215264D700BBB47A /* Frameworks */,
				6BDAE504215264D700BBB47A /* Resources */,
			);
			buildRules = (
			);
			dependencies = (
			);
			name = UICatalog;
			productName = UICatalog;
			productReference = 6BDAE506215264D700BBB47A /* UICatalog.framework */;
			productType = "com.apple.product-type.framework";
		};
		80FB2CA6216ED8EE009F8049 /* UICatalogTests */ = {
			isa = PBXNativeTarget;
			buildConfigurationList = 80FB2CAF216ED8EE009F8049 /* Build configuration list for PBXNativeTarget "UICatalogTests" */;
			buildPhases = (
				80FB2CA3216ED8EE009F8049 /* Sources */,
				80FB2CA4216ED8EE009F8049 /* Frameworks */,
				80FB2CA5216ED8EE009F8049 /* Resources */,
			);
			buildRules = (
			);
			dependencies = (
				80FB2CAE216ED8EE009F8049 /* PBXTargetDependency */,
			);
			name = UICatalogTests;
			productName = UICatalogTests;
			productReference = 80FB2CA7216ED8EE009F8049 /* UICatalogTests.xctest */;
			productType = "com.apple.product-type.bundle.unit-test";
		};
/* End PBXNativeTarget section */

/* Begin PBXProject section */
		6BDAE4FD215264D700BBB47A /* Project object */ = {
			isa = PBXProject;
			attributes = {
				LastSwiftUpdateCheck = 1000;
				LastUpgradeCheck = 1000;
				ORGANIZATIONNAME = "Takuya Yokoyama";
				TargetAttributes = {
					6BDAE505215264D700BBB47A = {
						CreatedOnToolsVersion = 10.0;
						LastSwiftMigration = 1000;
					};
					80FB2CA6216ED8EE009F8049 = {
						CreatedOnToolsVersion = 10.0;
						LastSwiftMigration = 1000;
					};
				};
			};
			buildConfigurationList = 6BDAE500215264D700BBB47A /* Build configuration list for PBXProject "UICatalog" */;
			compatibilityVersion = "Xcode 9.3";
			developmentRegion = en;
			hasScannedForEncodings = 0;
			knownRegions = (
				en,
			);
			mainGroup = 6BDAE4FC215264D700BBB47A;
			productRefGroup = 6BDAE507215264D700BBB47A /* Products */;
			projectDirPath = "";
			projectRoot = "";
			targets = (
				6BDAE505215264D700BBB47A /* UICatalog */,
				80FB2CA6216ED8EE009F8049 /* UICatalogTests */,
			);
		};
/* End PBXProject section */

/* Begin PBXResourcesBuildPhase section */
		6BDAE504215264D700BBB47A /* Resources */ = {
			isa = PBXResourcesBuildPhase;
			buildActionMask = 2147483647;
			files = (
				6B8DEE3A217C64A600D2D01F /* MenuSettingViewController.xib in Resources */,
				80471D4321B9F9CC000E1D23 /* ImageDetailViewController.xib in Resources */,
				8013D2172182C3A70001CD75 /* RotationImageView.xib in Resources */,
				803D6B0B215B0A24007C332E /* SoundWaveButton.xib in Resources */,
				6BDAE527215265E200BBB47A /* RangeSliderTab.xib in Resources */,
				6B8DEE34217C4A6B00D2D01F /* Images.xcassets in Resources */,
				6BEFD45321BB967A001E12BF /* ImageDetailCollectionViewCell.xib in Resources */,
				6B8DEE32217C4A1F00D2D01F /* MenuActionIconCollectionViewCell.xib in Resources */,
				6B8DEE3E217C67C000D2D01F /* MenuSettingTableViewCell.xib in Resources */,
				80471D4921B9FAAC000E1D23 /* ImageDetailThumbnailCollectionViewCell.xib in Resources */,
				8013D2122182C39A0001CD75 /* RotationImageItem.xib in Resources */,
				6BB8929621733818003430DC /* InfiniteLoopPageViewController.xib in Resources */,
				6BDAE526215265E200BBB47A /* RangeSlider.xib in Resources */,
				80400F172190046A002622C9 /* SemiModalView.xib in Resources */,
				6B33DF4F21576B67006143A4 /* ProgressBar.xib in Resources */,
			);
			runOnlyForDeploymentPostprocessing = 0;
		};
		80FB2CA5216ED8EE009F8049 /* Resources */ = {
			isa = PBXResourcesBuildPhase;
			buildActionMask = 2147483647;
			files = (
			);
			runOnlyForDeploymentPostprocessing = 0;
		};
/* End PBXResourcesBuildPhase section */

/* Begin PBXSourcesBuildPhase section */
		6BDAE502215264D700BBB47A /* Sources */ = {
			isa = PBXSourcesBuildPhase;
			buildActionMask = 2147483647;
			files = (
				80400F1521900203002622C9 /* SemiModalView.swift in Sources */,
				8008E6BD2192A8FE0083D920 /* SemiModalViewConfiguration.swift in Sources */,
				6B30C4F82198004800A87018 /* ContentsPageViewController.swift in Sources */,
				6BCD0FF6216CDFE700134159 /* Header.swift in Sources */,
				80471D4821B9FAAC000E1D23 /* ImageDetailThumbnailCollectionViewCell.swift in Sources */,
				6BCD0FF42168815D00134159 /* ChatLayout.swift in Sources */,
				6B2713A7215A72CF00CBB58E /* AdaptiveWidthConfiguration.swift in Sources */,
				6B2904A0217B019200FB7500 /* Configuration.swift in Sources */,
				6B2713A9215A766E00CBB58E /* AdaptiveItemSizeLayoutDelegate.swift in Sources */,
				6B8DEE3D217C67C000D2D01F /* MenuSettingTableViewCell.swift in Sources */,
				80CC835B225465420048C052 /* PanelLayout.swift in Sources */,
				800D02C5215C520300F2A55F /* Line.swift in Sources */,
				6BB8928F21733728003430DC /* PagingChangeObserver.swift in Sources */,
				6B33DF7A2158BDBA006143A4 /* ColumnContainer.swift in Sources */,
				6B8DEE31217C4A1F00D2D01F /* MenuActionIconCollectionViewCell.swift in Sources */,
				6BDAE54821526B2500BBB47A /* CellRegisterable.swift in Sources */,
				6BDAE525215265E200BBB47A /* RangeSlider.swift in Sources */,
				8013D20A2182C3850001CD75 /* RotationImageView+RoopGenerator.swift in Sources */,
				6BB892B5217377CD003430DC /* SynchronizableCollectionViewController.swift in Sources */,
				803D6B0C215B0A24007C332E /* SoundWaveButton.swift in Sources */,
				6B9863AC2173A1D100D5004C /* ZoomTransitionAnimateProtocol.swift in Sources */,
				6BDAE52D215265EC00BBB47A /* RangeSliderConfiguration.swift in Sources */,
				6BDAE54421526B2500BBB47A /* XibInitializable.swift in Sources */,
				6BB892A421735825003430DC /* Pageable.swift in Sources */,
				6B3B80E721BB89C40012EA63 /* UIImageView+.swift in Sources */,
				6B9863B5217A0B7400D5004C /* PageViewController.swift in Sources */,
				6BB8928921732ADF003430DC /* PageSynchronizedContainerViewController.swift in Sources */,
				6B33DF792158BDBA006143A4 /* Column.swift in Sources */,
				6B9863A32173982A00D5004C /* PagingChangeSubject.swift in Sources */,
				6BDAE51F215265DA00BBB47A /* RangeSliderViewInitializable.swift in Sources */,
				6BDAE54121526B2500BBB47A /* CellWidthCalculatable.swift in Sources */,
				800D02C0215B949200F2A55F /* AdaptiveItemSizeLayout.swift in Sources */,
				6B2713A1215A593500CBB58E /* AdaptiveHeightConfiguration.swift in Sources */,
				8008E6BB2192A8F20083D920 /* SemiModalViewPosition.swift in Sources */,
				6BDAE54721526B2500BBB47A /* NibInstantiatable.swift in Sources */,
				6B2713A3215A71A900CBB58E /* Row.swift in Sources */,
				6BDAE54E21526B3B00BBB47A /* Notification+.swift in Sources */,
				6B9863AA2173A1B100D5004C /* ZoomTransitionAnimator.swift in Sources */,
				6B9863B3217A0B1700D5004C /* MenuViewController.swift in Sources */,
				6BCCA1082198508E0011EBD8 /* Page.swift in Sources */,
				6BDAE54F21526B3B00BBB47A /* UIView+.swift in Sources */,
				8013D20E2182C3850001CD75 /* RotationImageView+DisplayManager.swift in Sources */,
				6BB892912173373C003430DC /* PagingSynchronizer.swift in Sources */,
				6B8DEE39217C64A600D2D01F /* MenuSettingViewController.swift in Sources */,
				6BB8929521733818003430DC /* InfiniteLoopPageViewController.swift in Sources */,
				6B8E2CC82196C69600CAC6FB /* PageCache.swift in Sources */,
				8013D20D2182C3850001CD75 /* RotationImageView+Animator.swift in Sources */,
				6B9863A72173A0B000D5004C /* LineMessenger.swift in Sources */,
				6BDAE54D21526B3B00BBB47A /* Color+.swift in Sources */,
				80C37A4B21560A0D00977C0B /* Painter.swift in Sources */,
				6BDAE52E215265EC00BBB47A /* PickingState.swift in Sources */,
				6B33DF5121576B77006143A4 /* ProgressBar.swift in Sources */,
				6B9863AF2174D8FB00D5004C /* TabMenuViewController.swift in Sources */,
				6B3B80E921BB8BF50012EA63 /* UICollectionView+.swift in Sources */,
				6B2713A5215A71B700CBB58E /* RowContainer.swift in Sources */,
				800D02BE215B904A00F2A55F /* Containerable.swift in Sources */,
				6BDAE529215265E200BBB47A /* RangeSliderTab.swift in Sources */,
				6B9BB94221666C040031B96F /* UIViewController+.swift in Sources */,
				6B8DEE36217C535700D2D01F /* Bundle+.swift in Sources */,
				6BDAE52F215265EC00BBB47A /* SliderValue.swift in Sources */,
				6BDAE54321526B2500BBB47A /* CellHeightCalculatable.swift in Sources */,
				6B3D506D216640D800D1BD85 /* UITableView+.swift in Sources */,
				6BB8928D2173370F003430DC /* PagingChangeSubscriber.swift in Sources */,
				6BDAE54221526B2500BBB47A /* ViewControllerInstantiatable.swift in Sources */,
				6BDAE528215265E200BBB47A /* CustomEdgeInsetsLabel.swift in Sources */,
				6BB892A2217357FF003430DC /* SynchronizablePageViewController.swift in Sources */,
				8013D2162182C3A70001CD75 /* RotationImageView.swift in Sources */,
				80FB2CA2216ED38A009F8049 /* PluggableLayout.swift in Sources */,
				80471D4221B9F9CC000E1D23 /* ImageDetailViewController.swift in Sources */,
				6BDAE55221526B5100BBB47A /* TapticEngine.swift in Sources */,
				8013D20C2182C3850001CD75 /* PhotoResource.swift in Sources */,
				6BDAE54621526B2500BBB47A /* ReusableViewRegisterable.swift in Sources */,
				8013D20B2182C3850001CD75 /* RotationImageView+ImageSwitcher.swift in Sources */,
				8013D2132182C39A0001CD75 /* RotationImageItem.swift in Sources */,
				6B33DF862158C08B006143A4 /* ColumnCountDynamicAsignable.swift in Sources */,
				6BEFD45221BB967A001E12BF /* ImageDetailCollectionViewCell.swift in Sources */,
				6B9863B1217A0ADD00D5004C /* Menu.swift in Sources */,
				6B33DF6A21587A8B006143A4 /* OutlineLabel.swift in Sources */,
				6B2713B4215A855C00CBB58E /* CGSize+.swift in Sources */,
				6B9863A52173A03900D5004C /* CustomUrlScheme.swift in Sources */,
			);
			runOnlyForDeploymentPostprocessing = 0;
		};
		80FB2CA3216ED8EE009F8049 /* Sources */ = {
			isa = PBXSourcesBuildPhase;
			buildActionMask = 2147483647;
			files = (
				80FB2CBA21749FFA009F8049 /* RowTests.swift in Sources */,
				80FB2CB7216ED92D009F8049 /* ColumnTests.swift in Sources */,
			);
			runOnlyForDeploymentPostprocessing = 0;
		};
/* End PBXSourcesBuildPhase section */

/* Begin PBXTargetDependency section */
		80FB2CAE216ED8EE009F8049 /* PBXTargetDependency */ = {
			isa = PBXTargetDependency;
			target = 6BDAE505215264D700BBB47A /* UICatalog */;
			targetProxy = 80FB2CAD216ED8EE009F8049 /* PBXContainerItemProxy */;
		};
/* End PBXTargetDependency section */

/* Begin XCBuildConfiguration section */
		6BDAE50C215264D700BBB47A /* Debug */ = {
			isa = XCBuildConfiguration;
			buildSettings = {
				ALWAYS_SEARCH_USER_PATHS = NO;
				CLANG_ANALYZER_NONNULL = YES;
				CLANG_ANALYZER_NUMBER_OBJECT_CONVERSION = YES_AGGRESSIVE;
				CLANG_CXX_LANGUAGE_STANDARD = "gnu++14";
				CLANG_CXX_LIBRARY = "libc++";
				CLANG_ENABLE_MODULES = YES;
				CLANG_ENABLE_OBJC_ARC = YES;
				CLANG_ENABLE_OBJC_WEAK = YES;
				CLANG_WARN_BLOCK_CAPTURE_AUTORELEASING = YES;
				CLANG_WARN_BOOL_CONVERSION = YES;
				CLANG_WARN_COMMA = YES;
				CLANG_WARN_CONSTANT_CONVERSION = YES;
				CLANG_WARN_DEPRECATED_OBJC_IMPLEMENTATIONS = YES;
				CLANG_WARN_DIRECT_OBJC_ISA_USAGE = YES_ERROR;
				CLANG_WARN_DOCUMENTATION_COMMENTS = YES;
				CLANG_WARN_EMPTY_BODY = YES;
				CLANG_WARN_ENUM_CONVERSION = YES;
				CLANG_WARN_INFINITE_RECURSION = YES;
				CLANG_WARN_INT_CONVERSION = YES;
				CLANG_WARN_NON_LITERAL_NULL_CONVERSION = YES;
				CLANG_WARN_OBJC_IMPLICIT_RETAIN_SELF = YES;
				CLANG_WARN_OBJC_LITERAL_CONVERSION = YES;
				CLANG_WARN_OBJC_ROOT_CLASS = YES_ERROR;
				CLANG_WARN_RANGE_LOOP_ANALYSIS = YES;
				CLANG_WARN_STRICT_PROTOTYPES = YES;
				CLANG_WARN_SUSPICIOUS_MOVE = YES;
				CLANG_WARN_UNGUARDED_AVAILABILITY = YES_AGGRESSIVE;
				CLANG_WARN_UNREACHABLE_CODE = YES;
				CLANG_WARN__DUPLICATE_METHOD_MATCH = YES;
				CODE_SIGN_IDENTITY = "iPhone Developer";
				COPY_PHASE_STRIP = NO;
				CURRENT_PROJECT_VERSION = 1;
				DEBUG_INFORMATION_FORMAT = dwarf;
				ENABLE_STRICT_OBJC_MSGSEND = YES;
				ENABLE_TESTABILITY = YES;
				GCC_C_LANGUAGE_STANDARD = gnu11;
				GCC_DYNAMIC_NO_PIC = NO;
				GCC_NO_COMMON_BLOCKS = YES;
				GCC_OPTIMIZATION_LEVEL = 0;
				GCC_PREPROCESSOR_DEFINITIONS = (
					"DEBUG=1",
					"$(inherited)",
				);
				GCC_WARN_64_TO_32_BIT_CONVERSION = YES;
				GCC_WARN_ABOUT_RETURN_TYPE = YES_ERROR;
				GCC_WARN_UNDECLARED_SELECTOR = YES;
				GCC_WARN_UNINITIALIZED_AUTOS = YES_AGGRESSIVE;
				GCC_WARN_UNUSED_FUNCTION = YES;
				GCC_WARN_UNUSED_VARIABLE = YES;
				IPHONEOS_DEPLOYMENT_TARGET = 12.0;
				MTL_ENABLE_DEBUG_INFO = INCLUDE_SOURCE;
				MTL_FAST_MATH = YES;
				ONLY_ACTIVE_ARCH = YES;
				SDKROOT = iphoneos;
				SWIFT_ACTIVE_COMPILATION_CONDITIONS = DEBUG;
				SWIFT_OPTIMIZATION_LEVEL = "-Onone";
				VERSIONING_SYSTEM = "apple-generic";
				VERSION_INFO_PREFIX = "";
			};
			name = Debug;
		};
		6BDAE50D215264D700BBB47A /* Release */ = {
			isa = XCBuildConfiguration;
			buildSettings = {
				ALWAYS_SEARCH_USER_PATHS = NO;
				CLANG_ANALYZER_NONNULL = YES;
				CLANG_ANALYZER_NUMBER_OBJECT_CONVERSION = YES_AGGRESSIVE;
				CLANG_CXX_LANGUAGE_STANDARD = "gnu++14";
				CLANG_CXX_LIBRARY = "libc++";
				CLANG_ENABLE_MODULES = YES;
				CLANG_ENABLE_OBJC_ARC = YES;
				CLANG_ENABLE_OBJC_WEAK = YES;
				CLANG_WARN_BLOCK_CAPTURE_AUTORELEASING = YES;
				CLANG_WARN_BOOL_CONVERSION = YES;
				CLANG_WARN_COMMA = YES;
				CLANG_WARN_CONSTANT_CONVERSION = YES;
				CLANG_WARN_DEPRECATED_OBJC_IMPLEMENTATIONS = YES;
				CLANG_WARN_DIRECT_OBJC_ISA_USAGE = YES_ERROR;
				CLANG_WARN_DOCUMENTATION_COMMENTS = YES;
				CLANG_WARN_EMPTY_BODY = YES;
				CLANG_WARN_ENUM_CONVERSION = YES;
				CLANG_WARN_INFINITE_RECURSION = YES;
				CLANG_WARN_INT_CONVERSION = YES;
				CLANG_WARN_NON_LITERAL_NULL_CONVERSION = YES;
				CLANG_WARN_OBJC_IMPLICIT_RETAIN_SELF = YES;
				CLANG_WARN_OBJC_LITERAL_CONVERSION = YES;
				CLANG_WARN_OBJC_ROOT_CLASS = YES_ERROR;
				CLANG_WARN_RANGE_LOOP_ANALYSIS = YES;
				CLANG_WARN_STRICT_PROTOTYPES = YES;
				CLANG_WARN_SUSPICIOUS_MOVE = YES;
				CLANG_WARN_UNGUARDED_AVAILABILITY = YES_AGGRESSIVE;
				CLANG_WARN_UNREACHABLE_CODE = YES;
				CLANG_WARN__DUPLICATE_METHOD_MATCH = YES;
				CODE_SIGN_IDENTITY = "iPhone Developer";
				COPY_PHASE_STRIP = NO;
				CURRENT_PROJECT_VERSION = 1;
				DEBUG_INFORMATION_FORMAT = "dwarf-with-dsym";
				ENABLE_NS_ASSERTIONS = NO;
				ENABLE_STRICT_OBJC_MSGSEND = YES;
				GCC_C_LANGUAGE_STANDARD = gnu11;
				GCC_NO_COMMON_BLOCKS = YES;
				GCC_WARN_64_TO_32_BIT_CONVERSION = YES;
				GCC_WARN_ABOUT_RETURN_TYPE = YES_ERROR;
				GCC_WARN_UNDECLARED_SELECTOR = YES;
				GCC_WARN_UNINITIALIZED_AUTOS = YES_AGGRESSIVE;
				GCC_WARN_UNUSED_FUNCTION = YES;
				GCC_WARN_UNUSED_VARIABLE = YES;
				IPHONEOS_DEPLOYMENT_TARGET = 12.0;
				MTL_ENABLE_DEBUG_INFO = NO;
				MTL_FAST_MATH = YES;
				SDKROOT = iphoneos;
				SWIFT_COMPILATION_MODE = wholemodule;
				SWIFT_OPTIMIZATION_LEVEL = "-O";
				VALIDATE_PRODUCT = YES;
				VERSIONING_SYSTEM = "apple-generic";
				VERSION_INFO_PREFIX = "";
			};
			name = Release;
		};
		6BDAE50F215264D700BBB47A /* Debug */ = {
			isa = XCBuildConfiguration;
			buildSettings = {
				CLANG_ENABLE_MODULES = YES;
				CODE_SIGN_IDENTITY = "";
				CODE_SIGN_STYLE = Automatic;
				DEFINES_MODULE = YES;
				DEVELOPMENT_TEAM = 29C6ELZ3SW;
				DYLIB_COMPATIBILITY_VERSION = 1;
				DYLIB_CURRENT_VERSION = 1;
				DYLIB_INSTALL_NAME_BASE = "@rpath";
				INFOPLIST_FILE = UICatalog/Info.plist;
				INSTALL_PATH = "$(LOCAL_LIBRARY_DIR)/Frameworks";
				IPHONEOS_DEPLOYMENT_TARGET = 11.0;
				LD_RUNPATH_SEARCH_PATHS = (
					"$(inherited)",
					"@executable_path/Frameworks",
					"@loader_path/Frameworks",
				);
				PRODUCT_BUNDLE_IDENTIFIER = jp.co.chocoyama.UICatalog;
				PRODUCT_NAME = "$(TARGET_NAME:c99extidentifier)";
				SKIP_INSTALL = YES;
				SWIFT_OPTIMIZATION_LEVEL = "-Onone";
				SWIFT_VERSION = 4.2;
				TARGETED_DEVICE_FAMILY = "1,2";
			};
			name = Debug;
		};
		6BDAE510215264D700BBB47A /* Release */ = {
			isa = XCBuildConfiguration;
			buildSettings = {
				CLANG_ENABLE_MODULES = YES;
				CODE_SIGN_IDENTITY = "";
				CODE_SIGN_STYLE = Automatic;
				DEFINES_MODULE = YES;
				DEVELOPMENT_TEAM = 29C6ELZ3SW;
				DYLIB_COMPATIBILITY_VERSION = 1;
				DYLIB_CURRENT_VERSION = 1;
				DYLIB_INSTALL_NAME_BASE = "@rpath";
				INFOPLIST_FILE = UICatalog/Info.plist;
				INSTALL_PATH = "$(LOCAL_LIBRARY_DIR)/Frameworks";
				IPHONEOS_DEPLOYMENT_TARGET = 11.0;
				LD_RUNPATH_SEARCH_PATHS = (
					"$(inherited)",
					"@executable_path/Frameworks",
					"@loader_path/Frameworks",
				);
				PRODUCT_BUNDLE_IDENTIFIER = jp.co.chocoyama.UICatalog;
				PRODUCT_NAME = "$(TARGET_NAME:c99extidentifier)";
				SKIP_INSTALL = YES;
				SWIFT_VERSION = 4.2;
				TARGETED_DEVICE_FAMILY = "1,2";
			};
			name = Release;
		};
		80FB2CB0216ED8EE009F8049 /* Debug */ = {
			isa = XCBuildConfiguration;
			buildSettings = {
				CLANG_ENABLE_MODULES = YES;
				CODE_SIGN_STYLE = Automatic;
				INFOPLIST_FILE = UICatalogTests/Info.plist;
				LD_RUNPATH_SEARCH_PATHS = (
					"$(inherited)",
					"@executable_path/Frameworks",
					"@loader_path/Frameworks",
				);
				PRODUCT_BUNDLE_IDENTIFIER = jp.chocoyama.UICatalogTests;
				PRODUCT_NAME = "$(TARGET_NAME)";
				SWIFT_OBJC_BRIDGING_HEADER = "UICatalogTests/UICatalogTests-Bridging-Header.h";
				SWIFT_OPTIMIZATION_LEVEL = "-Onone";
				SWIFT_VERSION = 4.2;
				TARGETED_DEVICE_FAMILY = "1,2";
			};
			name = Debug;
		};
		80FB2CB1216ED8EE009F8049 /* Release */ = {
			isa = XCBuildConfiguration;
			buildSettings = {
				CLANG_ENABLE_MODULES = YES;
				CODE_SIGN_STYLE = Automatic;
				INFOPLIST_FILE = UICatalogTests/Info.plist;
				LD_RUNPATH_SEARCH_PATHS = (
					"$(inherited)",
					"@executable_path/Frameworks",
					"@loader_path/Frameworks",
				);
				PRODUCT_BUNDLE_IDENTIFIER = jp.chocoyama.UICatalogTests;
				PRODUCT_NAME = "$(TARGET_NAME)";
				SWIFT_OBJC_BRIDGING_HEADER = "UICatalogTests/UICatalogTests-Bridging-Header.h";
				SWIFT_VERSION = 4.2;
				TARGETED_DEVICE_FAMILY = "1,2";
			};
			name = Release;
		};
/* End XCBuildConfiguration section */

/* Begin XCConfigurationList section */
		6BDAE500215264D700BBB47A /* Build configuration list for PBXProject "UICatalog" */ = {
			isa = XCConfigurationList;
			buildConfigurations = (
				6BDAE50C215264D700BBB47A /* Debug */,
				6BDAE50D215264D700BBB47A /* Release */,
			);
			defaultConfigurationIsVisible = 0;
			defaultConfigurationName = Release;
		};
		6BDAE50E215264D700BBB47A /* Build configuration list for PBXNativeTarget "UICatalog" */ = {
			isa = XCConfigurationList;
			buildConfigurations = (
				6BDAE50F215264D700BBB47A /* Debug */,
				6BDAE510215264D700BBB47A /* Release */,
			);
			defaultConfigurationIsVisible = 0;
			defaultConfigurationName = Release;
		};
		80FB2CAF216ED8EE009F8049 /* Build configuration list for PBXNativeTarget "UICatalogTests" */ = {
			isa = XCConfigurationList;
			buildConfigurations = (
				80FB2CB0216ED8EE009F8049 /* Debug */,
				80FB2CB1216ED8EE009F8049 /* Release */,
			);
			defaultConfigurationIsVisible = 0;
			defaultConfigurationName = Release;
		};
/* End XCConfigurationList section */
	};
	rootObject = 6BDAE4FD215264D700BBB47A /* Project object */;
}
